
Microsoft Visual Studio Solution File, Format Version 12.00
# Visual Studio Version 17
VisualStudioVersion = 17.0.31919.166
MinimumVisualStudioVersion = 10.0.40219.1
Project("{FAE04EC0-301F-11D3-BF4B-00C04F79EFBC}") = "Calcular0ate222222", "Calcular0ate222222\Calcular0ate222222.csproj", "{D4716784-F511-4BCE-8047-39D22C295BBC}"
EndProject
Global
	GlobalSection(SolutionConfigurationPlatforms) = preSolution
		Debug|Any CPU = Debug|Any CPU
		Release|Any CPU = Release|Any CPU
	EndGlobalSection
	GlobalSection(ProjectConfigurationPlatforms) = postSolution
		{D4716784-F511-4BCE-8047-39D22C295BBC}.Debug|Any CPU.ActiveCfg = Debug|Any CPU
		{D4716784-F511-4BCE-8047-39D22C295BBC}.Debug|Any CPU.Build.0 = Debug|Any CPU
		{D4716784-F511-4BCE-8047-39D22C295BBC}.Release|Any CPU.ActiveCfg = Release|Any CPU
		{D4716784-F511-4BCE-8047-39D22C295BBC}.Release|Any CPU.Build.0 = Release|Any CPU
	EndGlobalSection
	GlobalSection(SolutionProperties) = preSolution
		HideSolutionNode = FALSE
	EndGlobalSection
	GlobalSection(ExtensibilityGlobals) = postSolution
		SolutionGuid = {FE375793-846A-4C90-A657-00460E458759}
	EndGlobalSection
EndGlobal
